
Microsoft Visual Studio Solution File, Format Version 12.00
# Visual Studio 2012
Project("{FAE04EC0-301F-11D3-BF4B-00C04F79EFBC}") = "CSJ2K", "CSJ2K\CSJ2K.csproj", "{1EA0F9BA-0194-4F08-9E55-89888D5A4724}"
EndProject
Project("{FAE04EC0-301F-11D3-BF4B-00C04F79EFBC}") = "codectest", "codectest\codectest.csproj", "{08EBCC10-76CD-4198-9F60-E8091432E4D8}"
EndProject
Project("{FAE04EC0-301F-11D3-BF4B-00C04F79EFBC}") = "Portable.CSJ2K", "CSJ2K\Portable.CSJ2K.csproj", "{A790CC27-4086-4D2A-BF7B-C02337DF4D21}"
EndProject
Project("{FAE04EC0-301F-11D3-BF4B-00C04F79EFBC}") = "Store.CSJ2K", "Store.CSJ2K\Store.CSJ2K.csproj", "{5A0B7BDC-D0FD-4F25-A473-4AE14604D3DD}"
EndProject
Project("{FAE04EC0-301F-11D3-BF4B-00C04F79EFBC}") = "Store.CSJ2K.Test", "Store.CSJ2K.Test\Store.CSJ2K.Test.csproj", "{D185AD42-72EB-4760-9A07-4D67C6CE50B8}"
EndProject
Global
	GlobalSection(SolutionConfigurationPlatforms) = preSolution
		Debug|Any CPU = Debug|Any CPU
		Release|Any CPU = Release|Any CPU
	EndGlobalSection
	GlobalSection(ProjectConfigurationPlatforms) = postSolution
		{1EA0F9BA-0194-4F08-9E55-89888D5A4724}.Debug|Any CPU.ActiveCfg = Debug|Any CPU
		{1EA0F9BA-0194-4F08-9E55-89888D5A4724}.Debug|Any CPU.Build.0 = Debug|Any CPU
		{1EA0F9BA-0194-4F08-9E55-89888D5A4724}.Release|Any CPU.ActiveCfg = Release|Any CPU
		{1EA0F9BA-0194-4F08-9E55-89888D5A4724}.Release|Any CPU.Build.0 = Release|Any CPU
		{08EBCC10-76CD-4198-9F60-E8091432E4D8}.Debug|Any CPU.ActiveCfg = Debug|Any CPU
		{08EBCC10-76CD-4198-9F60-E8091432E4D8}.Debug|Any CPU.Build.0 = Debug|Any CPU
		{08EBCC10-76CD-4198-9F60-E8091432E4D8}.Release|Any CPU.ActiveCfg = Release|Any CPU
		{08EBCC10-76CD-4198-9F60-E8091432E4D8}.Release|Any CPU.Build.0 = Release|Any CPU
		{A790CC27-4086-4D2A-BF7B-C02337DF4D21}.Debug|Any CPU.ActiveCfg = Debug|Any CPU
		{A790CC27-4086-4D2A-BF7B-C02337DF4D21}.Debug|Any CPU.Build.0 = Debug|Any CPU
		{A790CC27-4086-4D2A-BF7B-C02337DF4D21}.Release|Any CPU.ActiveCfg = Release|Any CPU
		{A790CC27-4086-4D2A-BF7B-C02337DF4D21}.Release|Any CPU.Build.0 = Release|Any CPU
		{5A0B7BDC-D0FD-4F25-A473-4AE14604D3DD}.Debug|Any CPU.ActiveCfg = Debug|Any CPU
		{5A0B7BDC-D0FD-4F25-A473-4AE14604D3DD}.Debug|Any CPU.Build.0 = Debug|Any CPU
		{5A0B7BDC-D0FD-4F25-A473-4AE14604D3DD}.Release|Any CPU.ActiveCfg = Release|Any CPU
		{5A0B7BDC-D0FD-4F25-A473-4AE14604D3DD}.Release|Any CPU.Build.0 = Release|Any CPU
		{D185AD42-72EB-4760-9A07-4D67C6CE50B8}.Debug|Any CPU.ActiveCfg = Debug|Any CPU
		{D185AD42-72EB-4760-9A07-4D67C6CE50B8}.Debug|Any CPU.Build.0 = Debug|Any CPU
		{D185AD42-72EB-4760-9A07-4D67C6CE50B8}.Debug|Any CPU.Deploy.0 = Debug|Any CPU
		{D185AD42-72EB-4760-9A07-4D67C6CE50B8}.Release|Any CPU.ActiveCfg = Release|Any CPU
		{D185AD42-72EB-4760-9A07-4D67C6CE50B8}.Release|Any CPU.Build.0 = Release|Any CPU
		{D185AD42-72EB-4760-9A07-4D67C6CE50B8}.Release|Any CPU.Deploy.0 = Release|Any CPU
	EndGlobalSection
	GlobalSection(SolutionProperties) = preSolution
		HideSolutionNode = FALSE
	EndGlobalSection
EndGlobal
