
Microsoft Visual Studio Solution File, Format Version 12.00
# Visual Studio 2012
Project("{FAE04EC0-301F-11D3-BF4B-00C04F79EFBC}") = "CSJ2K", "CSJ2K\CSJ2K.csproj", "{1EA0F9BA-0194-4F08-9E55-89888D5A4724}"
EndProject
Project("{FAE04EC0-301F-11D3-BF4B-00C04F79EFBC}") = "codectest", "codectest\codectest.csproj", "{08EBCC10-76CD-4198-9F60-E8091432E4D8}"
EndProject
Project("{FAE04EC0-301F-11D3-BF4B-00C04F79EFBC}") = "Portable.CSJ2K", "CSJ2K\Portable.CSJ2K.csproj", "{A790CC27-4086-4D2A-BF7B-C02337DF4D21}"
EndProject
Project("{FAE04EC0-301F-11D3-BF4B-00C04F79EFBC}") = "Store.CSJ2K", "Store.CSJ2K\Store.CSJ2K.csproj", "{5A0B7BDC-D0FD-4F25-A473-4AE14604D3DD}"
EndProject
Project("{FAE04EC0-301F-11D3-BF4B-00C04F79EFBC}") = "Store.CSJ2K.Test", "Store.CSJ2K.Test\Store.CSJ2K.Test.csproj", "{D185AD42-72EB-4760-9A07-4D67C6CE50B8}"
EndProject
Project("{FAE04EC0-301F-11D3-BF4B-00C04F79EFBC}") = "WPF.CSJ2K", "WPF.CSJ2K\WPF.CSJ2K.csproj", "{68ADB736-925C-4423-AA99-EBB14DA0D2C9}"
EndProject
Project("{FAE04EC0-301F-11D3-BF4B-00C04F79EFBC}") = "WPF.CSJ2K.Test", "WPF.CSJ2K.Test\WPF.CSJ2K.Test.csproj", "{39606097-7698-46A7-99AF-3A4533D8EE70}"
EndProject
Project("{FAE04EC0-301F-11D3-BF4B-00C04F79EFBC}") = "SL.CSJ2K", "SL.CSJ2K\SL.CSJ2K.csproj", "{8F724FF1-1A1D-4521-B379-BF2348022DEF}"
EndProject
Project("{FAE04EC0-301F-11D3-BF4B-00C04F79EFBC}") = "SL.CSJ2K.Test", "SL.CSJ2K.Test\SL.CSJ2K.Test.csproj", "{2E9DB835-9117-42E6-BF88-727DE2CCB375}"
EndProject
Project("{FAE04EC0-301F-11D3-BF4B-00C04F79EFBC}") = "WP.CSJ2K", "WP.CSJ2K\WP.CSJ2K.csproj", "{ABE6B54D-A4AB-4204-A1AF-9B679B6ABA6B}"
EndProject
Project("{FAE04EC0-301F-11D3-BF4B-00C04F79EFBC}") = "WP.CSJ2K.Test", "WP.CSJ2K.Test\WP.CSJ2K.Test.csproj", "{D669E53B-2AD5-46A7-9FDF-90713FA666DF}"
EndProject
Project("{2150E333-8FDC-42A3-9474-1A3956D46DE8}") = ".nuget", ".nuget", "{9C5FFA5E-FB9D-493E-9E45-086C0C8453CE}"
	ProjectSection(SolutionItems) = preProject
		.nuget\NuGet.Config = .nuget\NuGet.Config
		.nuget\NuGet.exe = .nuget\NuGet.exe
		.nuget\NuGet.targets = .nuget\NuGet.targets
	EndProjectSection
EndProject
Global
	GlobalSection(SolutionConfigurationPlatforms) = preSolution
		Debug|Any CPU = Debug|Any CPU
		Release|Any CPU = Release|Any CPU
	EndGlobalSection
	GlobalSection(ProjectConfigurationPlatforms) = postSolution
		{1EA0F9BA-0194-4F08-9E55-89888D5A4724}.Debug|Any CPU.ActiveCfg = Debug|Any CPU
		{1EA0F9BA-0194-4F08-9E55-89888D5A4724}.Debug|Any CPU.Build.0 = Debug|Any CPU
		{1EA0F9BA-0194-4F08-9E55-89888D5A4724}.Release|Any CPU.ActiveCfg = Release|Any CPU
		{1EA0F9BA-0194-4F08-9E55-89888D5A4724}.Release|Any CPU.Build.0 = Release|Any CPU
		{08EBCC10-76CD-4198-9F60-E8091432E4D8}.Debug|Any CPU.ActiveCfg = Debug|Any CPU
		{08EBCC10-76CD-4198-9F60-E8091432E4D8}.Debug|Any CPU.Build.0 = Debug|Any CPU
		{08EBCC10-76CD-4198-9F60-E8091432E4D8}.Release|Any CPU.ActiveCfg = Release|Any CPU
		{08EBCC10-76CD-4198-9F60-E8091432E4D8}.Release|Any CPU.Build.0 = Release|Any CPU
		{A790CC27-4086-4D2A-BF7B-C02337DF4D21}.Debug|Any CPU.ActiveCfg = Debug|Any CPU
		{A790CC27-4086-4D2A-BF7B-C02337DF4D21}.Debug|Any CPU.Build.0 = Debug|Any CPU
		{A790CC27-4086-4D2A-BF7B-C02337DF4D21}.Release|Any CPU.ActiveCfg = Release|Any CPU
		{A790CC27-4086-4D2A-BF7B-C02337DF4D21}.Release|Any CPU.Build.0 = Release|Any CPU
		{5A0B7BDC-D0FD-4F25-A473-4AE14604D3DD}.Debug|Any CPU.ActiveCfg = Debug|Any CPU
		{5A0B7BDC-D0FD-4F25-A473-4AE14604D3DD}.Debug|Any CPU.Build.0 = Debug|Any CPU
		{5A0B7BDC-D0FD-4F25-A473-4AE14604D3DD}.Release|Any CPU.ActiveCfg = Release|Any CPU
		{5A0B7BDC-D0FD-4F25-A473-4AE14604D3DD}.Release|Any CPU.Build.0 = Release|Any CPU
		{D185AD42-72EB-4760-9A07-4D67C6CE50B8}.Debug|Any CPU.ActiveCfg = Debug|Any CPU
		{D185AD42-72EB-4760-9A07-4D67C6CE50B8}.Debug|Any CPU.Build.0 = Debug|Any CPU
		{D185AD42-72EB-4760-9A07-4D67C6CE50B8}.Debug|Any CPU.Deploy.0 = Debug|Any CPU
		{D185AD42-72EB-4760-9A07-4D67C6CE50B8}.Release|Any CPU.ActiveCfg = Release|Any CPU
		{D185AD42-72EB-4760-9A07-4D67C6CE50B8}.Release|Any CPU.Build.0 = Release|Any CPU
		{68ADB736-925C-4423-AA99-EBB14DA0D2C9}.Debug|Any CPU.ActiveCfg = Debug|Any CPU
		{68ADB736-925C-4423-AA99-EBB14DA0D2C9}.Debug|Any CPU.Build.0 = Debug|Any CPU
		{68ADB736-925C-4423-AA99-EBB14DA0D2C9}.Release|Any CPU.ActiveCfg = Release|Any CPU
		{68ADB736-925C-4423-AA99-EBB14DA0D2C9}.Release|Any CPU.Build.0 = Release|Any CPU
		{39606097-7698-46A7-99AF-3A4533D8EE70}.Debug|Any CPU.ActiveCfg = Debug|Any CPU
		{39606097-7698-46A7-99AF-3A4533D8EE70}.Debug|Any CPU.Build.0 = Debug|Any CPU
		{39606097-7698-46A7-99AF-3A4533D8EE70}.Release|Any CPU.ActiveCfg = Release|Any CPU
		{39606097-7698-46A7-99AF-3A4533D8EE70}.Release|Any CPU.Build.0 = Release|Any CPU
		{8F724FF1-1A1D-4521-B379-BF2348022DEF}.Debug|Any CPU.ActiveCfg = Debug|Any CPU
		{8F724FF1-1A1D-4521-B379-BF2348022DEF}.Debug|Any CPU.Build.0 = Debug|Any CPU
		{8F724FF1-1A1D-4521-B379-BF2348022DEF}.Release|Any CPU.ActiveCfg = Release|Any CPU
		{8F724FF1-1A1D-4521-B379-BF2348022DEF}.Release|Any CPU.Build.0 = Release|Any CPU
		{2E9DB835-9117-42E6-BF88-727DE2CCB375}.Debug|Any CPU.ActiveCfg = Debug|Any CPU
		{2E9DB835-9117-42E6-BF88-727DE2CCB375}.Debug|Any CPU.Build.0 = Debug|Any CPU
		{2E9DB835-9117-42E6-BF88-727DE2CCB375}.Release|Any CPU.ActiveCfg = Release|Any CPU
		{2E9DB835-9117-42E6-BF88-727DE2CCB375}.Release|Any CPU.Build.0 = Release|Any CPU
		{ABE6B54D-A4AB-4204-A1AF-9B679B6ABA6B}.Debug|Any CPU.ActiveCfg = Debug|Any CPU
		{ABE6B54D-A4AB-4204-A1AF-9B679B6ABA6B}.Debug|Any CPU.Build.0 = Debug|Any CPU
		{ABE6B54D-A4AB-4204-A1AF-9B679B6ABA6B}.Release|Any CPU.ActiveCfg = Release|Any CPU
		{ABE6B54D-A4AB-4204-A1AF-9B679B6ABA6B}.Release|Any CPU.Build.0 = Release|Any CPU
		{D669E53B-2AD5-46A7-9FDF-90713FA666DF}.Debug|Any CPU.ActiveCfg = Debug|Any CPU
		{D669E53B-2AD5-46A7-9FDF-90713FA666DF}.Debug|Any CPU.Build.0 = Debug|Any CPU
		{D669E53B-2AD5-46A7-9FDF-90713FA666DF}.Debug|Any CPU.Deploy.0 = Debug|Any CPU
		{D669E53B-2AD5-46A7-9FDF-90713FA666DF}.Release|Any CPU.ActiveCfg = Release|Any CPU
		{D669E53B-2AD5-46A7-9FDF-90713FA666DF}.Release|Any CPU.Build.0 = Release|Any CPU
	EndGlobalSection
	GlobalSection(SolutionProperties) = preSolution
		HideSolutionNode = FALSE
	EndGlobalSection
EndGlobal
